
Microsoft Visual Studio Solution File, Format Version 12.00
# Visual Studio 15
VisualStudioVersion = 15.0.27703.2042
MinimumVisualStudioVersion = 10.0.40219.1
Project("{FAE04EC0-301F-11D3-BF4B-00C04F79EFBC}") = "DocIOSample.Android", "DocIOSample\DocIOSample.Android\DocIOSample.Android.csproj", "{A95C40F6-7233-4AB0-B810-3433B9175A33}"
EndProject
Project("{FAE04EC0-301F-11D3-BF4B-00C04F79EFBC}") = "DocIOSample.iOS", "DocIOSample\DocIOSample.iOS\DocIOSample.iOS.csproj", "{7D5C225C-07CD-4D0C-A284-618BD2978294}"
EndProject
Project("{FAE04EC0-301F-11D3-BF4B-00C04F79EFBC}") = "DocIOSample", "DocIOSample\DocIOSample\DocIOSample.csproj", "{198EB17C-77F4-42E0-910A-26DA57290F22}"
EndProject
Global
	GlobalSection(SolutionConfigurationPlatforms) = preSolution
		Ad-Hoc|Any CPU = Ad-Hoc|Any CPU
		Ad-Hoc|iPhone = Ad-Hoc|iPhone
		Ad-Hoc|iPhoneSimulator = Ad-Hoc|iPhoneSimulator
		AppStore|Any CPU = AppStore|Any CPU
		AppStore|iPhone = AppStore|iPhone
		AppStore|iPhoneSimulator = AppStore|iPhoneSimulator
		Debug|Any CPU = Debug|Any CPU
		Debug|iPhone = Debug|iPhone
		Debug|iPhoneSimulator = Debug|iPhoneSimulator
		Release|Any CPU = Release|Any CPU
		Release|iPhone = Release|iPhone
		Release|iPhoneSimulator = Release|iPhoneSimulator
	EndGlobalSection
	GlobalSection(ProjectConfigurationPlatforms) = postSolution
		{A95C40F6-7233-4AB0-B810-3433B9175A33}.Ad-Hoc|Any CPU.ActiveCfg = Release|Any CPU
		{A95C40F6-7233-4AB0-B810-3433B9175A33}.Ad-Hoc|Any CPU.Build.0 = Release|Any CPU
		{A95C40F6-7233-4AB0-B810-3433B9175A33}.Ad-Hoc|Any CPU.Deploy.0 = Release|Any CPU
		{A95C40F6-7233-4AB0-B810-3433B9175A33}.Ad-Hoc|iPhone.ActiveCfg = Release|Any CPU
		{A95C40F6-7233-4AB0-B810-3433B9175A33}.Ad-Hoc|iPhone.Build.0 = Release|Any CPU
		{A95C40F6-7233-4AB0-B810-3433B9175A33}.Ad-Hoc|iPhone.Deploy.0 = Release|Any CPU
		{A95C40F6-7233-4AB0-B810-3433B9175A33}.Ad-Hoc|iPhoneSimulator.ActiveCfg = Release|Any CPU
		{A95C40F6-7233-4AB0-B810-3433B9175A33}.Ad-Hoc|iPhoneSimulator.Build.0 = Release|Any CPU
		{A95C40F6-7233-4AB0-B810-3433B9175A33}.Ad-Hoc|iPhoneSimulator.Deploy.0 = Release|Any CPU
		{A95C40F6-7233-4AB0-B810-3433B9175A33}.AppStore|Any CPU.ActiveCfg = Release|Any CPU
		{A95C40F6-7233-4AB0-B810-3433B9175A33}.AppStore|Any CPU.Build.0 = Release|Any CPU
		{A95C40F6-7233-4AB0-B810-3433B9175A33}.AppStore|Any CPU.Deploy.0 = Release|Any CPU
		{A95C40F6-7233-4AB0-B810-3433B9175A33}.AppStore|iPhone.ActiveCfg = Release|Any CPU
		{A95C40F6-7233-4AB0-B810-3433B9175A33}.AppStore|iPhone.Build.0 = Release|Any CPU
		{A95C40F6-7233-4AB0-B810-3433B9175A33}.AppStore|iPhone.Deploy.0 = Release|Any CPU
		{A95C40F6-7233-4AB0-B810-3433B9175A33}.AppStore|iPhoneSimulator.ActiveCfg = Release|Any CPU
		{A95C40F6-7233-4AB0-B810-3433B9175A33}.AppStore|iPhoneSimulator.Build.0 = Release|Any CPU
		{A95C40F6-7233-4AB0-B810-3433B9175A33}.AppStore|iPhoneSimulator.Deploy.0 = Release|Any CPU
		{A95C40F6-7233-4AB0-B810-3433B9175A33}.Debug|Any CPU.ActiveCfg = Debug|Any CPU
		{A95C40F6-7233-4AB0-B810-3433B9175A33}.Debug|Any CPU.Build.0 = Debug|Any CPU
		{A95C40F6-7233-4AB0-B810-3433B9175A33}.Debug|Any CPU.Deploy.0 = Debug|Any CPU
		{A95C40F6-7233-4AB0-B810-3433B9175A33}.Debug|iPhone.ActiveCfg = Debug|Any CPU
		{A95C40F6-7233-4AB0-B810-3433B9175A33}.Debug|iPhone.Build.0 = Debug|Any CPU
		{A95C40F6-7233-4AB0-B810-3433B9175A33}.Debug|iPhone.Deploy.0 = Debug|Any CPU
		{A95C40F6-7233-4AB0-B810-3433B9175A33}.Debug|iPhoneSimulator.ActiveCfg = Debug|Any CPU
		{A95C40F6-7233-4AB0-B810-3433B9175A33}.Debug|iPhoneSimulator.Build.0 = Debug|Any CPU
		{A95C40F6-7233-4AB0-B810-3433B9175A33}.Debug|iPhoneSimulator.Deploy.0 = Debug|Any CPU
		{A95C40F6-7233-4AB0-B810-3433B9175A33}.Release|Any CPU.ActiveCfg = Release|Any CPU
		{A95C40F6-7233-4AB0-B810-3433B9175A33}.Release|Any CPU.Build.0 = Release|Any CPU
		{A95C40F6-7233-4AB0-B810-3433B9175A33}.Release|Any CPU.Deploy.0 = Release|Any CPU
		{A95C40F6-7233-4AB0-B810-3433B9175A33}.Release|iPhone.ActiveCfg = Release|Any CPU
		{A95C40F6-7233-4AB0-B810-3433B9175A33}.Release|iPhone.Build.0 = Release|Any CPU
		{A95C40F6-7233-4AB0-B810-3433B9175A33}.Release|iPhone.Deploy.0 = Release|Any CPU
		{A95C40F6-7233-4AB0-B810-3433B9175A33}.Release|iPhoneSimulator.ActiveCfg = Release|Any CPU
		{A95C40F6-7233-4AB0-B810-3433B9175A33}.Release|iPhoneSimulator.Build.0 = Release|Any CPU
		{A95C40F6-7233-4AB0-B810-3433B9175A33}.Release|iPhoneSimulator.Deploy.0 = Release|Any CPU
		{7D5C225C-07CD-4D0C-A284-618BD2978294}.Ad-Hoc|Any CPU.ActiveCfg = Ad-Hoc|iPhone
		{7D5C225C-07CD-4D0C-A284-618BD2978294}.Ad-Hoc|Any CPU.Build.0 = Ad-Hoc|iPhone
		{7D5C225C-07CD-4D0C-A284-618BD2978294}.Ad-Hoc|Any CPU.Deploy.0 = Ad-Hoc|iPhone
		{7D5C225C-07CD-4D0C-A284-618BD2978294}.Ad-Hoc|iPhone.ActiveCfg = Ad-Hoc|iPhone
		{7D5C225C-07CD-4D0C-A284-618BD2978294}.Ad-Hoc|iPhone.Build.0 = Ad-Hoc|iPhone
		{7D5C225C-07CD-4D0C-A284-618BD2978294}.Ad-Hoc|iPhone.Deploy.0 = Ad-Hoc|iPhone
		{7D5C225C-07CD-4D0C-A284-618BD2978294}.Ad-Hoc|iPhoneSimulator.ActiveCfg = Ad-Hoc|iPhoneSimulator
		{7D5C225C-07CD-4D0C-A284-618BD2978294}.Ad-Hoc|iPhoneSimulator.Build.0 = Ad-Hoc|iPhoneSimulator
		{7D5C225C-07CD-4D0C-A284-618BD2978294}.Ad-Hoc|iPhoneSimulator.Deploy.0 = Ad-Hoc|iPhoneSimulator
		{7D5C225C-07CD-4D0C-A284-618BD2978294}.AppStore|Any CPU.ActiveCfg = AppStore|iPhone
		{7D5C225C-07CD-4D0C-A284-618BD2978294}.AppStore|Any CPU.Build.0 = AppStore|iPhone
		{7D5C225C-07CD-4D0C-A284-618BD2978294}.AppStore|Any CPU.Deploy.0 = AppStore|iPhone
		{7D5C225C-07CD-4D0C-A284-618BD2978294}.AppStore|iPhone.ActiveCfg = AppStore|iPhone
		{7D5C225C-07CD-4D0C-A284-618BD2978294}.AppStore|iPhone.Build.0 = AppStore|iPhone
		{7D5C225C-07CD-4D0C-A284-618BD2978294}.AppStore|iPhone.Deploy.0 = AppStore|iPhone
		{7D5C225C-07CD-4D0C-A284-618BD2978294}.AppStore|iPhoneSimulator.ActiveCfg = AppStore|iPhoneSimulator
		{7D5C225C-07CD-4D0C-A284-618BD2978294}.AppStore|iPhoneSimulator.Build.0 = AppStore|iPhoneSimulator
		{7D5C225C-07CD-4D0C-A284-618BD2978294}.AppStore|iPhoneSimulator.Deploy.0 = AppStore|iPhoneSimulator
		{7D5C225C-07CD-4D0C-A284-618BD2978294}.Debug|Any CPU.ActiveCfg = Debug|iPhoneSimulator
		{7D5C225C-07CD-4D0C-A284-618BD2978294}.Debug|Any CPU.Build.0 = Debug|iPhoneSimulator
		{7D5C225C-07CD-4D0C-A284-618BD2978294}.Debug|Any CPU.Deploy.0 = Debug|iPhoneSimulator
		{7D5C225C-07CD-4D0C-A284-618BD2978294}.Debug|iPhone.ActiveCfg = Debug|iPhone
		{7D5C225C-07CD-4D0C-A284-618BD2978294}.Debug|iPhone.Build.0 = Debug|iPhone
		{7D5C225C-07CD-4D0C-A284-618BD2978294}.Debug|iPhone.Deploy.0 = Debug|iPhone
		{7D5C225C-07CD-4D0C-A284-618BD2978294}.Debug|iPhoneSimulator.ActiveCfg = Debug|iPhoneSimulator
		{7D5C225C-07CD-4D0C-A284-618BD2978294}.Debug|iPhoneSimulator.Build.0 = Debug|iPhoneSimulator
		{7D5C225C-07CD-4D0C-A284-618BD2978294}.Debug|iPhoneSimulator.Deploy.0 = Debug|iPhoneSimulator
		{7D5C225C-07CD-4D0C-A284-618BD2978294}.Release|Any CPU.ActiveCfg = Release|iPhone
		{7D5C225C-07CD-4D0C-A284-618BD2978294}.Release|Any CPU.Build.0 = Release|iPhone
		{7D5C225C-07CD-4D0C-A284-618BD2978294}.Release|Any CPU.Deploy.0 = Release|iPhone
		{7D5C225C-07CD-4D0C-A284-618BD2978294}.Release|iPhone.ActiveCfg = Release|iPhone
		{7D5C225C-07CD-4D0C-A284-618BD2978294}.Release|iPhone.Build.0 = Release|iPhone
		{7D5C225C-07CD-4D0C-A284-618BD2978294}.Release|iPhone.Deploy.0 = Release|iPhone
		{7D5C225C-07CD-4D0C-A284-618BD2978294}.Release|iPhoneSimulator.ActiveCfg = Release|iPhoneSimulator
		{7D5C225C-07CD-4D0C-A284-618BD2978294}.Release|iPhoneSimulator.Build.0 = Release|iPhoneSimulator
		{7D5C225C-07CD-4D0C-A284-618BD2978294}.Release|iPhoneSimulator.Deploy.0 = Release|iPhoneSimulator
		{198EB17C-77F4-42E0-910A-26DA57290F22}.Ad-Hoc|Any CPU.ActiveCfg = Debug|Any CPU
		{198EB17C-77F4-42E0-910A-26DA57290F22}.Ad-Hoc|Any CPU.Build.0 = Debug|Any CPU
		{198EB17C-77F4-42E0-910A-26DA57290F22}.Ad-Hoc|Any CPU.Deploy.0 = Debug|Any CPU
		{198EB17C-77F4-42E0-910A-26DA57290F22}.Ad-Hoc|iPhone.ActiveCfg = Debug|Any CPU
		{198EB17C-77F4-42E0-910A-26DA57290F22}.Ad-Hoc|iPhone.Build.0 = Debug|Any CPU
		{198EB17C-77F4-42E0-910A-26DA57290F22}.Ad-Hoc|iPhone.Deploy.0 = Debug|Any CPU
		{198EB17C-77F4-42E0-910A-26DA57290F22}.Ad-Hoc|iPhoneSimulator.ActiveCfg = Debug|Any CPU
		{198EB17C-77F4-42E0-910A-26DA57290F22}.Ad-Hoc|iPhoneSimulator.Build.0 = Debug|Any CPU
		{198EB17C-77F4-42E0-910A-26DA57290F22}.Ad-Hoc|iPhoneSimulator.Deploy.0 = Debug|Any CPU
		{198EB17C-77F4-42E0-910A-26DA57290F22}.AppStore|Any CPU.ActiveCfg = Debug|Any CPU
		{198EB17C-77F4-42E0-910A-26DA57290F22}.AppStore|Any CPU.Build.0 = Debug|Any CPU
		{198EB17C-77F4-42E0-910A-26DA57290F22}.AppStore|Any CPU.Deploy.0 = Debug|Any CPU
		{198EB17C-77F4-42E0-910A-26DA57290F22}.AppStore|iPhone.ActiveCfg = Debug|Any CPU
		{198EB17C-77F4-42E0-910A-26DA57290F22}.AppStore|iPhone.Build.0 = Debug|Any CPU
		{198EB17C-77F4-42E0-910A-26DA57290F22}.AppStore|iPhone.Deploy.0 = Debug|Any CPU
		{198EB17C-77F4-42E0-910A-26DA57290F22}.AppStore|iPhoneSimulator.ActiveCfg = Debug|Any CPU
		{198EB17C-77F4-42E0-910A-26DA57290F22}.AppStore|iPhoneSimulator.Build.0 = Debug|Any CPU
		{198EB17C-77F4-42E0-910A-26DA57290F22}.AppStore|iPhoneSimulator.Deploy.0 = Debug|Any CPU
		{198EB17C-77F4-42E0-910A-26DA57290F22}.Debug|Any CPU.ActiveCfg = Debug|Any CPU
		{198EB17C-77F4-42E0-910A-26DA57290F22}.Debug|Any CPU.Build.0 = Debug|Any CPU
		{198EB17C-77F4-42E0-910A-26DA57290F22}.Debug|Any CPU.Deploy.0 = Debug|Any CPU
		{198EB17C-77F4-42E0-910A-26DA57290F22}.Debug|iPhone.ActiveCfg = Debug|Any CPU
		{198EB17C-77F4-42E0-910A-26DA57290F22}.Debug|iPhone.Build.0 = Debug|Any CPU
		{198EB17C-77F4-42E0-910A-26DA57290F22}.Debug|iPhone.Deploy.0 = Debug|Any CPU
		{198EB17C-77F4-42E0-910A-26DA57290F22}.Debug|iPhoneSimulator.ActiveCfg = Debug|Any CPU
		{198EB17C-77F4-42E0-910A-26DA57290F22}.Debug|iPhoneSimulator.Build.0 = Debug|Any CPU
		{198EB17C-77F4-42E0-910A-26DA57290F22}.Debug|iPhoneSimulator.Deploy.0 = Debug|Any CPU
		{198EB17C-77F4-42E0-910A-26DA57290F22}.Release|Any CPU.ActiveCfg = Release|Any CPU
		{198EB17C-77F4-42E0-910A-26DA57290F22}.Release|Any CPU.Build.0 = Release|Any CPU
		{198EB17C-77F4-42E0-910A-26DA57290F22}.Release|Any CPU.Deploy.0 = Release|Any CPU
		{198EB17C-77F4-42E0-910A-26DA57290F22}.Release|iPhone.ActiveCfg = Release|Any CPU
		{198EB17C-77F4-42E0-910A-26DA57290F22}.Release|iPhone.Build.0 = Release|Any CPU
		{198EB17C-77F4-42E0-910A-26DA57290F22}.Release|iPhone.Deploy.0 = Release|Any CPU
		{198EB17C-77F4-42E0-910A-26DA57290F22}.Release|iPhoneSimulator.ActiveCfg = Release|Any CPU
		{198EB17C-77F4-42E0-910A-26DA57290F22}.Release|iPhoneSimulator.Build.0 = Release|Any CPU
		{198EB17C-77F4-42E0-910A-26DA57290F22}.Release|iPhoneSimulator.Deploy.0 = Release|Any CPU
	EndGlobalSection
	GlobalSection(SolutionProperties) = preSolution
		HideSolutionNode = FALSE
	EndGlobalSection
	GlobalSection(ExtensibilityGlobals) = postSolution
		SolutionGuid = {3D3E401A-A992-4B28-B877-A2D76AD05865}
	EndGlobalSection
EndGlobal
